{
  "requires": true,
  "lockfileVersion": 1,
  "dependencies": {
    "mnist": {
      "version": "1.1.0",
      "resolved": "https://registry.npmjs.org/mnist/-/mnist-1.1.0.tgz",
      "integrity": "sha512-x+SfS5tSJnOEjad6jkuL91Cuq9EAVmy1IYt6vdWEsYCjJZsj0oB2xCq+sg5cgiEt9W+xBT31q9IwI2h7h1VtOw=="
    }
  }
}
